
Microsoft Visual Studio Solution File, Format Version 12.00
# Visual Studio 15
VisualStudioVersion = 15.0.28010.2016
MinimumVisualStudioVersion = 10.0.40219.1
Project("{FAE04EC0-301F-11D3-BF4B-00C04F79EFBC}") = "colorHex1", "colorHex1\colorHex1.csproj", "{8BE88DA6-F399-46D7-8D91-A977975B5851}"
EndProject
Global
	GlobalSection(SolutionConfigurationPlatforms) = preSolution
		Debug|Any CPU = Debug|Any CPU
		Release|Any CPU = Release|Any CPU
	EndGlobalSection
	GlobalSection(ProjectConfigurationPlatforms) = postSolution
		{8BE88DA6-F399-46D7-8D91-A977975B5851}.Debug|Any CPU.ActiveCfg = Debug|Any CPU
		{8BE88DA6-F399-46D7-8D91-A977975B5851}.Debug|Any CPU.Build.0 = Debug|Any CPU
		{8BE88DA6-F399-46D7-8D91-A977975B5851}.Release|Any CPU.ActiveCfg = Release|Any CPU
		{8BE88DA6-F399-46D7-8D91-A977975B5851}.Release|Any CPU.Build.0 = Release|Any CPU
	EndGlobalSection
	GlobalSection(SolutionProperties) = preSolution
		HideSolutionNode = FALSE
	EndGlobalSection
	GlobalSection(ExtensibilityGlobals) = postSolution
		SolutionGuid = {C4456EB8-1A7C-4FA4-8C7E-F96579B81F0B}
	EndGlobalSection
EndGlobal
